
Microsoft Visual Studio Solution File, Format Version 12.00
# Visual Studio 2013
VisualStudioVersion = 12.0.30723.0
MinimumVisualStudioVersion = 10.0.40219.1
Project("{2150E333-8FDC-42A3-9474-1A3956D46DE8}") = "Solution Items", "Solution Items", "{96652F8E-849D-4249-AB6F-280F191FA39B}"
EndProject
Project("{FAE04EC0-301F-11D3-BF4B-00C04F79EFBC}") = "MyMuse", "MyMuse\MyMuse.csproj", "{9EDC25A5-4593-4F71-A7B6-8053FBD58AD9}"
EndProject
Global
	GlobalSection(SolutionConfigurationPlatforms) = preSolution
		Debug|Any CPU = Debug|Any CPU
		Release|Any CPU = Release|Any CPU
	EndGlobalSection
	GlobalSection(ProjectConfigurationPlatforms) = postSolution
		{9EDC25A5-4593-4F71-A7B6-8053FBD58AD9}.Debug|Any CPU.ActiveCfg = Debug|Any CPU
		{9EDC25A5-4593-4F71-A7B6-8053FBD58AD9}.Debug|Any CPU.Build.0 = Debug|Any CPU
		{9EDC25A5-4593-4F71-A7B6-8053FBD58AD9}.Release|Any CPU.ActiveCfg = Release|Any CPU
		{9EDC25A5-4593-4F71-A7B6-8053FBD58AD9}.Release|Any CPU.Build.0 = Release|Any CPU
	EndGlobalSection
	GlobalSection(SolutionProperties) = preSolution
		HideSolutionNode = FALSE
	EndGlobalSection
EndGlobal
